
Microsoft Visual Studio Solution File, Format Version 12.00
# Visual Studio Version 17
VisualStudioVersion = 17.14.36301.6
MinimumVisualStudioVersion = 10.0.40219.1
Project("{FAE04EC0-301F-11D3-BF4B-00C04F79EFBC}") = "E-shop", "E-shop.csproj", "{E080598E-9B9B-43E5-8E01-7F255A0B5B64}"
EndProject
Project("{FAE04EC0-301F-11D3-BF4B-00C04F79EFBC}") = "E-shopTest", "..\E-shopTest\E-shopTest.csproj", "{E5B31075-3ECC-4F76-B91E-AF2534C50243}"
EndProject
Project("{FAE04EC0-301F-11D3-BF4B-00C04F79EFBC}") = "E-shopLib", "..\E-shopLib1\E-shopLib.csproj", "{1F3F70DB-A4C7-4C87-8A65-C94EB81B52C8}"
EndProject
Global
	GlobalSection(SolutionConfigurationPlatforms) = preSolution
		Debug|Any CPU = Debug|Any CPU
		Release|Any CPU = Release|Any CPU
	EndGlobalSection
	GlobalSection(ProjectConfigurationPlatforms) = postSolution
		{E080598E-9B9B-43E5-8E01-7F255A0B5B64}.Debug|Any CPU.ActiveCfg = Debug|Any CPU
		{E080598E-9B9B-43E5-8E01-7F255A0B5B64}.Debug|Any CPU.Build.0 = Debug|Any CPU
		{E080598E-9B9B-43E5-8E01-7F255A0B5B64}.Release|Any CPU.ActiveCfg = Release|Any CPU
		{E080598E-9B9B-43E5-8E01-7F255A0B5B64}.Release|Any CPU.Build.0 = Release|Any CPU
		{E5B31075-3ECC-4F76-B91E-AF2534C50243}.Debug|Any CPU.ActiveCfg = Debug|Any CPU
		{E5B31075-3ECC-4F76-B91E-AF2534C50243}.Debug|Any CPU.Build.0 = Debug|Any CPU
		{E5B31075-3ECC-4F76-B91E-AF2534C50243}.Release|Any CPU.ActiveCfg = Release|Any CPU
		{E5B31075-3ECC-4F76-B91E-AF2534C50243}.Release|Any CPU.Build.0 = Release|Any CPU
		{1F3F70DB-A4C7-4C87-8A65-C94EB81B52C8}.Debug|Any CPU.ActiveCfg = Debug|Any CPU
		{1F3F70DB-A4C7-4C87-8A65-C94EB81B52C8}.Debug|Any CPU.Build.0 = Debug|Any CPU
		{1F3F70DB-A4C7-4C87-8A65-C94EB81B52C8}.Release|Any CPU.ActiveCfg = Release|Any CPU
		{1F3F70DB-A4C7-4C87-8A65-C94EB81B52C8}.Release|Any CPU.Build.0 = Release|Any CPU
	EndGlobalSection
	GlobalSection(SolutionProperties) = preSolution
		HideSolutionNode = FALSE
	EndGlobalSection
	GlobalSection(ExtensibilityGlobals) = postSolution
		SolutionGuid = {C6B318E9-95BD-44A9-8CE4-8EFCEA58EAC7}
	EndGlobalSection
EndGlobal
